{
  "name": "ecies-node-example",
  "version": "0.1.0",
  "lockfileVersion": 1,
  "requires": true,
  "dependencies": {
    "ecies": {
      "version": "file:../ecies",
      "requires": {
        "@fidm/x509": "^1.2.1",
        "ec-key": "^0.0.4"
      },
      "dependencies": {
        "@fidm/asn1": {
          "version": "1.0.4",
          "bundled": true
        },
        "@fidm/x509": {
          "version": "1.2.1",
          "bundled": true,
          "requires": {
            "@fidm/asn1": "^1.0.4",
            "tweetnacl": "^1.0.1"
          }
        },
        "asn1.js": {
          "version": "5.3.0",
          "bundled": true,
          "requires": {
            "bn.js": "^4.0.0",
            "inherits": "^2.0.1",
            "minimalistic-assert": "^1.0.0",
            "safer-buffer": "^2.1.0"
          }
        },
        "bn.js": {
          "version": "4.11.8",
          "bundled": true
        },
        "ec-key": {
          "version": "0.0.4",
          "bundled": true,
          "requires": {
            "asn1.js": "^5.2.0"
          }
        },
        "inherits": {
          "version": "2.0.4",
          "bundled": true
        },
        "minimalistic-assert": {
          "version": "1.0.1",
          "bundled": true
        },
        "safer-buffer": {
          "version": "2.1.2",
          "bundled": true
        },
        "tweetnacl": {
          "version": "1.0.3",
          "bundled": true
        }
      }
    }
  }
}
